PODS:
  - SnapKit (5.0.1)
  - "※ikemen (0.2.0)"

DEPENDENCIES:
  - SnapKit (= 5.0.1)
  - "※ikemen (= 0.2.0)"

SPEC REPOS:
  trunk:
    - SnapKit
    - "※ikemen"

SPEC CHECKSUMS:
  SnapKit: 97b92857e3df3a0c71833cce143274bf6ef8e5eb
  "※ikemen": c04aecee4293a2b6deb2119f7e67e7a82c6dea06

PODFILE CHECKSUM: d07646cb2efcfc814a762411a512de2da2f1ac25

COCOAPODS: 1.9.3
