// !$*UTF8*$!
{
	archiveVersion = 1;
	classes = {
	};
	objectVersion = 52;
	objects = {

/* Begin PBXBuildFile section */
		CE180B8A238F76BE00E39B9B /* AppDelegate.swift in Sources */ = {isa = PBXBuildFile; fileRef = CE180B89238F76BE00E39B9B /* AppDelegate.swift */; };
		CE180B8C238F76BE00E39B9B /* ViewController.swift in Sources */ = {isa = PBXBuildFile; fileRef = CE180B8B238F76BE00E39B9B /* ViewController.swift */; };
		CE180B8E238F76C000E39B9B /* Assets.xcassets in Resources */ = {isa = PBXBuildFile; fileRef = CE180B8D238F76C000E39B9B /* Assets.xcassets */; };
		CE180B91238F76C000E39B9B /* Main.storyboard in Resources */ = {isa = PBXBuildFile; fileRef = CE180B8F238F76C000E39B9B /* Main.storyboard */; };
		CE180B9D238F76C000E39B9B /* MobaMacTests.swift in Sources */ = {isa = PBXBuildFile; fileRef = CE180B9C238F76C000E39B9B /* MobaMacTests.swift */; };
		CE180BA8238F76C000E39B9B /* MobaMacUITests.swift in Sources */ = {isa = PBXBuildFile; fileRef = CE180BA7238F76C000E39B9B /* MobaMacUITests.swift */; };
		CE180BB7238F79E900E39B9B /* SnapKit in Frameworks */ = {isa = PBXBuildFile; productRef = CE180BB6238F79E900E39B9B /* SnapKit */; };
		CE26922D238FA69A00FD0270 /* WindowController.swift in Sources */ = {isa = PBXBuildFile; fileRef = CE26922C238FA69A00FD0270 /* WindowController.swift */; };
/* End PBXBuildFile section */

/* Begin PBXContainerItemProxy section */
		CE180B99238F76C000E39B9B /* PBXContainerItemProxy */ = {
			isa = PBXContainerItemProxy;
			containerPortal = CE180B7E238F76BE00E39B9B /* Project object */;
			proxyType = 1;
			remoteGlobalIDString = CE180B85238F76BE00E39B9B;
			remoteInfo = MobaMac;
		};
		CE180BA4238F76C000E39B9B /* PBXContainerItemProxy */ = {
			isa = PBXContainerItemProxy;
			containerPortal = CE180B7E238F76BE00E39B9B /* Project object */;
			proxyType = 1;
			remoteGlobalIDString = CE180B85238F76BE00E39B9B;
			remoteInfo = MobaMac;
		};
/* End PBXContainerItemProxy section */

/* Begin PBXFileReference section */
		CE180B86238F76BE00E39B9B /* MobaMac.app */ = {isa = PBXFileReference; explicitFileType = wrapper.application; includeInIndex = 0; path = MobaMac.app; sourceTree = BUILT_PRODUCTS_DIR; };
		CE180B89238F76BE00E39B9B /* AppDelegate.swift */ = {isa = PBXFileReference; lastKnownFileType = sourcecode.swift; path = AppDelegate.swift; sourceTree = "<group>"; };
		CE180B8B238F76BE00E39B9B /* ViewController.swift */ = {isa = PBXFileReference; lastKnownFileType = sourcecode.swift; path = ViewController.swift; sourceTree = "<group>"; };
		CE180B8D238F76C000E39B9B /* Assets.xcassets */ = {isa = PBXFileReference; lastKnownFileType = folder.assetcatalog; path = Assets.xcassets; sourceTree = "<group>"; };
		CE180B90238F76C000E39B9B /* Base */ = {isa = PBXFileReference; lastKnownFileType = file.storyboard; name = Base; path = Base.lproj/Main.storyboard; sourceTree = "<group>"; };
		CE180B92238F76C000E39B9B /* Info.plist */ = {isa = PBXFileReference; lastKnownFileType = text.plist.xml; path = Info.plist; sourceTree = "<group>"; };
		CE180B93238F76C000E39B9B /* MobaMac.entitlements */ = {isa = PBXFileReference; lastKnownFileType = text.plist.entitlements; path = MobaMac.entitlements; sourceTree = "<group>"; };
		CE180B98238F76C000E39B9B /* MobaMacTests.xctest */ = {isa = PBXFileReference; explicitFileType = wrapper.cfbundle; includeInIndex = 0; path = MobaMacTests.xctest; sourceTree = BUILT_PRODUCTS_DIR; };
		CE180B9C238F76C000E39B9B /* MobaMacTests.swift */ = {isa = PBXFileReference; lastKnownFileType = sourcecode.swift; path = MobaMacTests.swift; sourceTree = "<group>"; };
		CE180B9E238F76C000E39B9B /* Info.plist */ = {isa = PBXFileReference; lastKnownFileType = text.plist.xml; path = Info.plist; sourceTree = "<group>"; };
		CE180BA3238F76C000E39B9B /* MobaMacUITests.xctest */ = {isa = PBXFileReference; explicitFileType = wrapper.cfbundle; includeInIndex = 0; path = MobaMacUITests.xctest; sourceTree = BUILT_PRODUCTS_DIR; };
		CE180BA7238F76C000E39B9B /* MobaMacUITests.swift */ = {isa = PBXFileReference; lastKnownFileType = sourcecode.swift; path = MobaMacUITests.swift; sourceTree = "<group>"; };
		CE180BA9238F76C000E39B9B /* Info.plist */ = {isa = PBXFileReference; lastKnownFileType = text.plist.xml; path = Info.plist; sourceTree = "<group>"; };
		CE180BB9238F890200E39B9B /* PrivateAPI.h */ = {isa = PBXFileReference; lastKnownFileType = sourcecode.c.h; path = PrivateAPI.h; sourceTree = "<group>"; };
		CE26922C238FA69A00FD0270 /* WindowController.swift */ = {isa = PBXFileReference; lastKnownFileType = sourcecode.swift; path = WindowController.swift; sourceTree = "<group>"; };
/* End PBXFileReference section */

/* Begin PBXFrameworksBuildPhase section */
		CE180B83238F76BE00E39B9B /* Frameworks */ = {
			isa = PBXFrameworksBuildPhase;
			buildActionMask = 2147483647;
			files = (
				CE180BB7238F79E900E39B9B /* SnapKit in Frameworks */,
			);
			runOnlyForDeploymentPostprocessing = 0;
		};
		CE180B95238F76C000E39B9B /* Frameworks */ = {
			isa = PBXFrameworksBuildPhase;
			buildActionMask = 2147483647;
			files = (
			);
			runOnlyForDeploymentPostprocessing = 0;
		};
		CE180BA0238F76C000E39B9B /* Frameworks */ = {
			isa = PBXFrameworksBuildPhase;
			buildActionMask = 2147483647;
			files = (
			);
			runOnlyForDeploymentPostprocessing = 0;
		};
/* End PBXFrameworksBuildPhase section */

/* Begin PBXGroup section */
		CE180B7D238F76BE00E39B9B = {
			isa = PBXGroup;
			children = (
				CE180B88238F76BE00E39B9B /* MobaMac */,
				CE180B9B238F76C000E39B9B /* MobaMacTests */,
				CE180BA6238F76C000E39B9B /* MobaMacUITests */,
				CE180B87238F76BE00E39B9B /* Products */,
			);
			sourceTree = "<group>";
		};
		CE180B87238F76BE00E39B9B /* Products */ = {
			isa = PBXGroup;
			children = (
				CE180B86238F76BE00E39B9B /* MobaMac.app */,
				CE180B98238F76C000E39B9B /* MobaMacTests.xctest */,
				CE180BA3238F76C000E39B9B /* MobaMacUITests.xctest */,
			);
			name = Products;
			sourceTree = "<group>";
		};
		CE180B88238F76BE00E39B9B /* MobaMac */ = {
			isa = PBXGroup;
			children = (
				CE180B89238F76BE00E39B9B /* AppDelegate.swift */,
				CE26922C238FA69A00FD0270 /* WindowController.swift */,
				CE180B8B238F76BE00E39B9B /* ViewController.swift */,
				CE180B8D238F76C000E39B9B /* Assets.xcassets */,
				CE180B8F238F76C000E39B9B /* Main.storyboard */,
				CE180B92238F76C000E39B9B /* Info.plist */,
				CE180B93238F76C000E39B9B /* MobaMac.entitlements */,
				CE180BB9238F890200E39B9B /* PrivateAPI.h */,
			);
			path = MobaMac;
			sourceTree = "<group>";
		};
		CE180B9B238F76C000E39B9B /* MobaMacTests */ = {
			isa = PBXGroup;
			children = (
				CE180B9C238F76C000E39B9B /* MobaMacTests.swift */,
				CE180B9E238F76C000E39B9B /* Info.plist */,
			);
			path = MobaMacTests;
			sourceTree = "<group>";
		};
		CE180BA6238F76C000E39B9B /* MobaMacUITests */ = {
			isa = PBXGroup;
			children = (
				CE180BA7238F76C000E39B9B /* MobaMacUITests.swift */,
				CE180BA9238F76C000E39B9B /* Info.plist */,
			);
			path = MobaMacUITests;
			sourceTree = "<group>";
		};
/* End PBXGroup section */

/* Begin PBXNativeTarget section */
		CE180B85238F76BE00E39B9B /* MobaMac */ = {
			isa = PBXNativeTarget;
			buildConfigurationList = CE180BAC238F76C000E39B9B /* Build configuration list for PBXNativeTarget "MobaMac" */;
			buildPhases = (
				CE180B82238F76BE00E39B9B /* Sources */,
				CE180B83238F76BE00E39B9B /* Frameworks */,
				CE180B84238F76BE00E39B9B /* Resources */,
			);
			buildRules = (
			);
			dependencies = (
			);
			name = MobaMac;
			packageProductDependencies = (
				CE180BB6238F79E900E39B9B /* SnapKit */,
			);
			productName = MobaMac;
			productReference = CE180B86238F76BE00E39B9B /* MobaMac.app */;
			productType = "com.apple.product-type.application";
		};
		CE180B97238F76C000E39B9B /* MobaMacTests */ = {
			isa = PBXNativeTarget;
			buildConfigurationList = CE180BAF238F76C000E39B9B /* Build configuration list for PBXNativeTarget "MobaMacTests" */;
			buildPhases = (
				CE180B94238F76C000E39B9B /* Sources */,
				CE180B95238F76C000E39B9B /* Frameworks */,
				CE180B96238F76C000E39B9B /* Resources */,
			);
			buildRules = (
			);
			dependencies = (
				CE180B9A238F76C000E39B9B /* PBXTargetDependency */,
			);
			name = MobaMacTests;
			productName = MobaMacTests;
			productReference = CE180B98238F76C000E39B9B /* MobaMacTests.xctest */;
			productType = "com.apple.product-type.bundle.unit-test";
		};
		CE180BA2238F76C000E39B9B /* MobaMacUITests */ = {
			isa = PBXNativeTarget;
			buildConfigurationList = CE180BB2238F76C000E39B9B /* Build configuration list for PBXNativeTarget "MobaMacUITests" */;
			buildPhases = (
				CE180B9F238F76C000E39B9B /* Sources */,
				CE180BA0238F76C000E39B9B /* Frameworks */,
				CE180BA1238F76C000E39B9B /* Resources */,
			);
			buildRules = (
			);
			dependencies = (
				CE180BA5238F76C000E39B9B /* PBXTargetDependency */,
			);
			name = MobaMacUITests;
			productName = MobaMacUITests;
			productReference = CE180BA3238F76C000E39B9B /* MobaMacUITests.xctest */;
			productType = "com.apple.product-type.bundle.ui-testing";
		};
/* End PBXNativeTarget section */

/* Begin PBXProject section */
		CE180B7E238F76BE00E39B9B /* Project object */ = {
			isa = PBXProject;
			attributes = {
				LastSwiftUpdateCheck = 1110;
				LastUpgradeCheck = 1110;
				ORGANIZATIONNAME = rinsuki;
				TargetAttributes = {
					CE180B85238F76BE00E39B9B = {
						CreatedOnToolsVersion = 11.1;
					};
					CE180B97238F76C000E39B9B = {
						CreatedOnToolsVersion = 11.1;
						TestTargetID = CE180B85238F76BE00E39B9B;
					};
					CE180BA2238F76C000E39B9B = {
						CreatedOnToolsVersion = 11.1;
						TestTargetID = CE180B85238F76BE00E39B9B;
					};
				};
			};
			buildConfigurationList = CE180B81238F76BE00E39B9B /* Build configuration list for PBXProject "MobaMac" */;
			compatibilityVersion = "Xcode 9.3";
			developmentRegion = en;
			hasScannedForEncodings = 0;
			knownRegions = (
				en,
				Base,
			);
			mainGroup = CE180B7D238F76BE00E39B9B;
			packageReferences = (
				CE180BB5238F79E900E39B9B /* XCRemoteSwiftPackageReference "SnapKit" */,
			);
			productRefGroup = CE180B87238F76BE00E39B9B /* Products */;
			projectDirPath = "";
			projectRoot = "";
			targets = (
				CE180B85238F76BE00E39B9B /* MobaMac */,
				CE180B97238F76C000E39B9B /* MobaMacTests */,
				CE180BA2238F76C000E39B9B /* MobaMacUITests */,
			);
		};
/* End PBXProject section */

/* Begin PBXResourcesBuildPhase section */
		CE180B84238F76BE00E39B9B /* Resources */ = {
			isa = PBXResourcesBuildPhase;
			buildActionMask = 2147483647;
			files = (
				CE180B8E238F76C000E39B9B /* Assets.xcassets in Resources */,
				CE180B91238F76C000E39B9B /* Main.storyboard in Resources */,
			);
			runOnlyForDeploymentPostprocessing = 0;
		};
		CE180B96238F76C000E39B9B /* Resources */ = {
			isa = PBXResourcesBuildPhase;
			buildActionMask = 2147483647;
			files = (
			);
			runOnlyForDeploymentPostprocessing = 0;
		};
		CE180BA1238F76C000E39B9B /* Resources */ = {
			isa = PBXResourcesBuildPhase;
			buildActionMask = 2147483647;
			files = (
			);
			runOnlyForDeploymentPostprocessing = 0;
		};
/* End PBXResourcesBuildPhase section */

/* Begin PBXSourcesBuildPhase section */
		CE180B82238F76BE00E39B9B /* Sources */ = {
			isa = PBXSourcesBuildPhase;
			buildActionMask = 2147483647;
			files = (
				CE180B8C238F76BE00E39B9B /* ViewController.swift in Sources */,
				CE26922D238FA69A00FD0270 /* WindowController.swift in Sources */,
				CE180B8A238F76BE00E39B9B /* AppDelegate.swift in Sources */,
			);
			runOnlyForDeploymentPostprocessing = 0;
		};
		CE180B94238F76C000E39B9B /* Sources */ = {
			isa = PBXSourcesBuildPhase;
			buildActionMask = 2147483647;
			files = (
				CE180B9D238F76C000E39B9B /* MobaMacTests.swift in Sources */,
			);
			runOnlyForDeploymentPostprocessing = 0;
		};
		CE180B9F238F76C000E39B9B /* Sources */ = {
			isa = PBXSourcesBuildPhase;
			buildActionMask = 2147483647;
			files = (
				CE180BA8238F76C000E39B9B /* MobaMacUITests.swift in Sources */,
			);
			runOnlyForDeploymentPostprocessing = 0;
		};
/* End PBXSourcesBuildPhase section */

/* Begin PBXTargetDependency section */
		CE180B9A238F76C000E39B9B /* PBXTargetDependency */ = {
			isa = PBXTargetDependency;
			target = CE180B85238F76BE00E39B9B /* MobaMac */;
			targetProxy = CE180B99238F76C000E39B9B /* PBXContainerItemProxy */;
		};
		CE180BA5238F76C000E39B9B /* PBXTargetDependency */ = {
			isa = PBXTargetDependency;
			target = CE180B85238F76BE00E39B9B /* MobaMac */;
			targetProxy = CE180BA4238F76C000E39B9B /* PBXContainerItemProxy */;
		};
/* End PBXTargetDependency section */

/* Begin PBXVariantGroup section */
		CE180B8F238F76C000E39B9B /* Main.storyboard */ = {
			isa = PBXVariantGroup;
			children = (
				CE180B90238F76C000E39B9B /* Base */,
			);
			name = Main.storyboard;
			sourceTree = "<group>";
		};
/* End PBXVariantGroup section */

/* Begin XCBuildConfiguration section */
		CE180BAA238F76C000E39B9B /* Debug */ = {
			isa = XCBuildConfiguration;
			buildSettings = {
				ALWAYS_SEARCH_USER_PATHS = NO;
				CLANG_ANALYZER_NONNULL = YES;
				CLANG_ANALYZER_NUMBER_OBJECT_CONVERSION = YES_AGGRESSIVE;
				CLANG_CXX_LANGUAGE_STANDARD = "gnu++14";
				CLANG_CXX_LIBRARY = "libc++";
				CLANG_ENABLE_MODULES = YES;
				CLANG_ENABLE_OBJC_ARC = YES;
				CLANG_ENABLE_OBJC_WEAK = YES;
				CLANG_WARN_BLOCK_CAPTURE_AUTORELEASING = YES;
				CLANG_WARN_BOOL_CONVERSION = YES;
				CLANG_WARN_COMMA = YES;
				CLANG_WARN_CONSTANT_CONVERSION = YES;
				CLANG_WARN_DEPRECATED_OBJC_IMPLEMENTATIONS = YES;
				CLANG_WARN_DIRECT_OBJC_ISA_USAGE = YES_ERROR;
				CLANG_WARN_DOCUMENTATION_COMMENTS = YES;
				CLANG_WARN_EMPTY_BODY = YES;
				CLANG_WARN_ENUM_CONVERSION = YES;
				CLANG_WARN_INFINITE_RECURSION = YES;
				CLANG_WARN_INT_CONVERSION = YES;
				CLANG_WARN_NON_LITERAL_NULL_CONVERSION = YES;
				CLANG_WARN_OBJC_IMPLICIT_RETAIN_SELF = YES;
				CLANG_WARN_OBJC_LITERAL_CONVERSION = YES;
				CLANG_WARN_OBJC_ROOT_CLASS = YES_ERROR;
				CLANG_WARN_RANGE_LOOP_ANALYSIS = YES;
				CLANG_WARN_STRICT_PROTOTYPES = YES;
				CLANG_WARN_SUSPICIOUS_MOVE = YES;
				CLANG_WARN_UNGUARDED_AVAILABILITY = YES_AGGRESSIVE;
				CLANG_WARN_UNREACHABLE_CODE = YES;
				CLANG_WARN__DUPLICATE_METHOD_MATCH = YES;
				COPY_PHASE_STRIP = NO;
				DEBUG_INFORMATION_FORMAT = dwarf;
				ENABLE_STRICT_OBJC_MSGSEND = YES;
				ENABLE_TESTABILITY = YES;
				GCC_C_LANGUAGE_STANDARD = gnu11;
				GCC_DYNAMIC_NO_PIC = NO;
				GCC_NO_COMMON_BLOCKS = YES;
				GCC_OPTIMIZATION_LEVEL = 0;
				GCC_PREPROCESSOR_DEFINITIONS = (
					"DEBUG=1",
					"$(inherited)",
				);
				GCC_WARN_64_TO_32_BIT_CONVERSION = YES;
				GCC_WARN_ABOUT_RETURN_TYPE = YES_ERROR;
				GCC_WARN_UNDECLARED_SELECTOR = YES;
				GCC_WARN_UNINITIALIZED_AUTOS = YES_AGGRESSIVE;
				GCC_WARN_UNUSED_FUNCTION = YES;
				GCC_WARN_UNUSED_VARIABLE = YES;
				MACOSX_DEPLOYMENT_TARGET = 10.15;
				MTL_ENABLE_DEBUG_INFO = INCLUDE_SOURCE;
				MTL_FAST_MATH = YES;
				ONLY_ACTIVE_ARCH = YES;
				SDKROOT = macosx;
				SWIFT_ACTIVE_COMPILATION_CONDITIONS = DEBUG;
				SWIFT_OPTIMIZATION_LEVEL = "-Onone";
			};
			name = Debug;
		};
		CE180BAB238F76C000E39B9B /* Release */ = {
			isa = XCBuildConfiguration;
			buildSettings = {
				ALWAYS_SEARCH_USER_PATHS = NO;
				CLANG_ANALYZER_NONNULL = YES;
				CLANG_ANALYZER_NUMBER_OBJECT_CONVERSION = YES_AGGRESSIVE;
				CLANG_CXX_LANGUAGE_STANDARD = "gnu++14";
				CLANG_CXX_LIBRARY = "libc++";
				CLANG_ENABLE_MODULES = YES;
				CLANG_ENABLE_OBJC_ARC = YES;
				CLANG_ENABLE_OBJC_WEAK = YES;
				CLANG_WARN_BLOCK_CAPTURE_AUTORELEASING = YES;
				CLANG_WARN_BOOL_CONVERSION = YES;
				CLANG_WARN_COMMA = YES;
				CLANG_WARN_CONSTANT_CONVERSION = YES;
				CLANG_WARN_DEPRECATED_OBJC_IMPLEMENTATIONS = YES;
				CLANG_WARN_DIRECT_OBJC_ISA_USAGE = YES_ERROR;
				CLANG_WARN_DOCUMENTATION_COMMENTS = YES;
				CLANG_WARN_EMPTY_BODY = YES;
				CLANG_WARN_ENUM_CONVERSION = YES;
				CLANG_WARN_INFINITE_RECURSION = YES;
				CLANG_WARN_INT_CONVERSION = YES;
				CLANG_WARN_NON_LITERAL_NULL_CONVERSION = YES;
				CLANG_WARN_OBJC_IMPLICIT_RETAIN_SELF = YES;
				CLANG_WARN_OBJC_LITERAL_CONVERSION = YES;
				CLANG_WARN_OBJC_ROOT_CLASS = YES_ERROR;
				CLANG_WARN_RANGE_LOOP_ANALYSIS = YES;
				CLANG_WARN_STRICT_PROTOTYPES = YES;
				CLANG_WARN_SUSPICIOUS_MOVE = YES;
				CLANG_WARN_UNGUARDED_AVAILABILITY = YES_AGGRESSIVE;
				CLANG_WARN_UNREACHABLE_CODE = YES;
				CLANG_WARN__DUPLICATE_METHOD_MATCH = YES;
				COPY_PHASE_STRIP = NO;
				DEBUG_INFORMATION_FORMAT = "dwarf-with-dsym";
				ENABLE_NS_ASSERTIONS = NO;
				ENABLE_STRICT_OBJC_MSGSEND = YES;
				GCC_C_LANGUAGE_STANDARD = gnu11;
				GCC_NO_COMMON_BLOCKS = YES;
				GCC_WARN_64_TO_32_BIT_CONVERSION = YES;
				GCC_WARN_ABOUT_RETURN_TYPE = YES_ERROR;
				GCC_WARN_UNDECLARED_SELECTOR = YES;
				GCC_WARN_UNINITIALIZED_AUTOS = YES_AGGRESSIVE;
				GCC_WARN_UNUSED_FUNCTION = YES;
				GCC_WARN_UNUSED_VARIABLE = YES;
				MACOSX_DEPLOYMENT_TARGET = 10.15;
				MTL_ENABLE_DEBUG_INFO = NO;
				MTL_FAST_MATH = YES;
				SDKROOT = macosx;
				SWIFT_COMPILATION_MODE = wholemodule;
				SWIFT_OPTIMIZATION_LEVEL = "-O";
			};
			name = Release;
		};
		CE180BAD238F76C000E39B9B /* Debug */ = {
			isa = XCBuildConfiguration;
			buildSettings = {
				ASSETCATALOG_COMPILER_APPICON_NAME = AppIcon;
				CODE_SIGN_ENTITLEMENTS = MobaMac/MobaMac.entitlements;
				CODE_SIGN_STYLE = Automatic;
				COMBINE_HIDPI_IMAGES = YES;
				DEVELOPMENT_TEAM = 4XKKKM86RN;
				ENABLE_HARDENED_RUNTIME = NO;
				INFOPLIST_FILE = MobaMac/Info.plist;
				LD_RUNPATH_SEARCH_PATHS = (
					"$(inherited)",
					"@executable_path/../Frameworks",
				);
				PRODUCT_BUNDLE_IDENTIFIER = net.rinsuki.apps.mac.MobaMac;
				PRODUCT_NAME = "$(TARGET_NAME)";
				SWIFT_OBJC_BRIDGING_HEADER = MobaMac/PrivateAPI.h;
				SWIFT_VERSION = 5.0;
			};
			name = Debug;
		};
		CE180BAE238F76C000E39B9B /* Release */ = {
			isa = XCBuildConfiguration;
			buildSettings = {
				ASSETCATALOG_COMPILER_APPICON_NAME = AppIcon;
				CODE_SIGN_ENTITLEMENTS = MobaMac/MobaMac.entitlements;
				CODE_SIGN_STYLE = Automatic;
				COMBINE_HIDPI_IMAGES = YES;
				DEVELOPMENT_TEAM = 4XKKKM86RN;
				ENABLE_HARDENED_RUNTIME = NO;
				INFOPLIST_FILE = MobaMac/Info.plist;
				LD_RUNPATH_SEARCH_PATHS = (
					"$(inherited)",
					"@executable_path/../Frameworks",
				);
				PRODUCT_BUNDLE_IDENTIFIER = net.rinsuki.apps.mac.MobaMac;
				PRODUCT_NAME = "$(TARGET_NAME)";
				SWIFT_OBJC_BRIDGING_HEADER = MobaMac/PrivateAPI.h;
				SWIFT_VERSION = 5.0;
			};
			name = Release;
		};
		CE180BB0238F76C000E39B9B /* Debug */ = {
			isa = XCBuildConfiguration;
			buildSettings = {
				ALWAYS_EMBED_SWIFT_STANDARD_LIBRARIES = YES;
				BUNDLE_LOADER = "$(TEST_HOST)";
				CODE_SIGN_STYLE = Automatic;
				COMBINE_HIDPI_IMAGES = YES;
				DEVELOPMENT_TEAM = 4XKKKM86RN;
				INFOPLIST_FILE = MobaMacTests/Info.plist;
				LD_RUNPATH_SEARCH_PATHS = (
					"$(inherited)",
					"@executable_path/../Frameworks",
					"@loader_path/../Frameworks",
				);
				MACOSX_DEPLOYMENT_TARGET = 10.15;
				PRODUCT_BUNDLE_IDENTIFIER = net.rinsuki.apps.mac.MobaMacTests;
				PRODUCT_NAME = "$(TARGET_NAME)";
				SWIFT_VERSION = 5.0;
				TEST_HOST = "$(BUILT_PRODUCTS_DIR)/MobaMac.app/Contents/MacOS/MobaMac";
			};
			name = Debug;
		};
		CE180BB1238F76C000E39B9B /* Release */ = {
			isa = XCBuildConfiguration;
			buildSettings = {
				ALWAYS_EMBED_SWIFT_STANDARD_LIBRARIES = YES;
				BUNDLE_LOADER = "$(TEST_HOST)";
				CODE_SIGN_STYLE = Automatic;
				COMBINE_HIDPI_IMAGES = YES;
				DEVELOPMENT_TEAM = 4XKKKM86RN;
				INFOPLIST_FILE = MobaMacTests/Info.plist;
				LD_RUNPATH_SEARCH_PATHS = (
					"$(inherited)",
					"@executable_path/../Frameworks",
					"@loader_path/../Frameworks",
				);
				MACOSX_DEPLOYMENT_TARGET = 10.15;
				PRODUCT_BUNDLE_IDENTIFIER = net.rinsuki.apps.mac.MobaMacTests;
				PRODUCT_NAME = "$(TARGET_NAME)";
				SWIFT_VERSION = 5.0;
				TEST_HOST = "$(BUILT_PRODUCTS_DIR)/MobaMac.app/Contents/MacOS/MobaMac";
			};
			name = Release;
		};
		CE180BB3238F76C000E39B9B /* Debug */ = {
			isa = XCBuildConfiguration;
			buildSettings = {
				ALWAYS_EMBED_SWIFT_STANDARD_LIBRARIES = YES;
				CODE_SIGN_STYLE = Automatic;
				COMBINE_HIDPI_IMAGES = YES;
				DEVELOPMENT_TEAM = 4XKKKM86RN;
				INFOPLIST_FILE = MobaMacUITests/Info.plist;
				LD_RUNPATH_SEARCH_PATHS = (
					"$(inherited)",
					"@executable_path/../Frameworks",
					"@loader_path/../Frameworks",
				);
				PRODUCT_BUNDLE_IDENTIFIER = net.rinsuki.apps.mac.MobaMacUITests;
				PRODUCT_NAME = "$(TARGET_NAME)";
				SWIFT_VERSION = 5.0;
				TEST_TARGET_NAME = MobaMac;
			};
			name = Debug;
		};
		CE180BB4238F76C000E39B9B /* Release */ = {
			isa = XCBuildConfiguration;
			buildSettings = {
				ALWAYS_EMBED_SWIFT_STANDARD_LIBRARIES = YES;
				CODE_SIGN_STYLE = Automatic;
				COMBINE_HIDPI_IMAGES = YES;
				DEVELOPMENT_TEAM = 4XKKKM86RN;
				INFOPLIST_FILE = MobaMacUITests/Info.plist;
				LD_RUNPATH_SEARCH_PATHS = (
					"$(inherited)",
					"@executable_path/../Frameworks",
					"@loader_path/../Frameworks",
				);
				PRODUCT_BUNDLE_IDENTIFIER = net.rinsuki.apps.mac.MobaMacUITests;
				PRODUCT_NAME = "$(TARGET_NAME)";
				SWIFT_VERSION = 5.0;
				TEST_TARGET_NAME = MobaMac;
			};
			name = Release;
		};
/* End XCBuildConfiguration section */

/* Begin XCConfigurationList section */
		CE180B81238F76BE00E39B9B /* Build configuration list for PBXProject "MobaMac" */ = {
			isa = XCConfigurationList;
			buildConfigurations = (
				CE180BAA238F76C000E39B9B /* Debug */,
				CE180BAB238F76C000E39B9B /* Release */,
			);
			defaultConfigurationIsVisible = 0;
			defaultConfigurationName = Release;
		};
		CE180BAC238F76C000E39B9B /* Build configuration list for PBXNativeTarget "MobaMac" */ = {
			isa = XCConfigurationList;
			buildConfigurations = (
				CE180BAD238F76C000E39B9B /* Debug */,
				CE180BAE238F76C000E39B9B /* Release */,
			);
			defaultConfigurationIsVisible = 0;
			defaultConfigurationName = Release;
		};
		CE180BAF238F76C000E39B9B /* Build configuration list for PBXNativeTarget "MobaMacTests" */ = {
			isa = XCConfigurationList;
			buildConfigurations = (
				CE180BB0238F76C000E39B9B /* Debug */,
				CE180BB1238F76C000E39B9B /* Release */,
			);
			defaultConfigurationIsVisible = 0;
			defaultConfigurationName = Release;
		};
		CE180BB2238F76C000E39B9B /* Build configuration list for PBXNativeTarget "MobaMacUITests" */ = {
			isa = XCConfigurationList;
			buildConfigurations = (
				CE180BB3238F76C000E39B9B /* Debug */,
				CE180BB4238F76C000E39B9B /* Release */,
			);
			defaultConfigurationIsVisible = 0;
			defaultConfigurationName = Release;
		};
/* End XCConfigurationList section */

/* Begin XCRemoteSwiftPackageReference section */
		CE180BB5238F79E900E39B9B /* XCRemoteSwiftPackageReference "SnapKit" */ = {
			isa = XCRemoteSwiftPackageReference;
			repositoryURL = "https://github.com/SnapKit/SnapKit";
			requirement = {
				kind = upToNextMajorVersion;
				minimumVersion = 5.0.1;
			};
		};
/* End XCRemoteSwiftPackageReference section */

/* Begin XCSwiftPackageProductDependency section */
		CE180BB6238F79E900E39B9B /* SnapKit */ = {
			isa = XCSwiftPackageProductDependency;
			package = CE180BB5238F79E900E39B9B /* XCRemoteSwiftPackageReference "SnapKit" */;
			productName = SnapKit;
		};
/* End XCSwiftPackageProductDependency section */
	};
	rootObject = CE180B7E238F76BE00E39B9B /* Project object */;
}
